// !$*UTF8*$!
{
	archiveVersion = 1;
	classes = {
	};
	objectVersion = 50;
	objects = {

/* Begin PBXBuildFile section */
		FA1A9BD721E71F2A00A8A688 /* ContainerViewController.swift in Sources */ = {isa = PBXBuildFile; fileRef = FA1A9BD621E71F2A00A8A688 /* ContainerViewController.swift */; };
		FA1A9BDA21E71FF900A8A688 /* RootViewController.swift in Sources */ = {isa = PBXBuildFile; fileRef = FA1A9BD921E71FF900A8A688 /* RootViewController.swift */; };
		FA1A9BDC21E7201300A8A688 /* MenuViewController.swift in Sources */ = {isa = PBXBuildFile; fileRef = FA1A9BDB21E7201300A8A688 /* MenuViewController.swift */; };
		FA1A9BDF21E72E3E00A8A688 /* RootViewControllerDelegate.swift in Sources */ = {isa = PBXBuildFile; fileRef = FA1A9BDE21E72E3E00A8A688 /* RootViewControllerDelegate.swift */; };
		FA1A9BE221E732AE00A8A688 /* MenuOptionCell.swift in Sources */ = {isa = PBXBuildFile; fileRef = FA1A9BE121E732AE00A8A688 /* MenuOptionCell.swift */; };
		FA1A9BE521E745B000A8A688 /* MenuOptions.swift in Sources */ = {isa = PBXBuildFile; fileRef = FA1A9BE421E745B000A8A688 /* MenuOptions.swift */; };
		FA1A9BE721E7557800A8A688 /* MenuViewControllerDelegate.swift in Sources */ = {isa = PBXBuildFile; fileRef = FA1A9BE621E7557800A8A688 /* MenuViewControllerDelegate.swift */; };
		FA1A9BE921E7586200A8A688 /* ToDoeeCell.swift in Sources */ = {isa = PBXBuildFile; fileRef = FA1A9BE821E7586200A8A688 /* ToDoeeCell.swift */; };
		FA1A9BEB21E7661D00A8A688 /* EditingViewController.swift in Sources */ = {isa = PBXBuildFile; fileRef = FA1A9BEA21E7661D00A8A688 /* EditingViewController.swift */; };
		FA1A9BEE21E76D4A00A8A688 /* TitleCell.swift in Sources */ = {isa = PBXBuildFile; fileRef = FA1A9BEC21E76D4A00A8A688 /* TitleCell.swift */; };
		FA1A9BF321E76D6F00A8A688 /* NotificationCell.swift in Sources */ = {isa = PBXBuildFile; fileRef = FA1A9BF121E76D6F00A8A688 /* NotificationCell.swift */; };
		FA1A9BF421E76D6F00A8A688 /* NotificationCell.xib in Resources */ = {isa = PBXBuildFile; fileRef = FA1A9BF221E76D6F00A8A688 /* NotificationCell.xib */; };
		FA1A9BF821E76DAB00A8A688 /* DescriptionCell.swift in Sources */ = {isa = PBXBuildFile; fileRef = FA1A9BF621E76DAB00A8A688 /* DescriptionCell.swift */; };
		FA1A9BF921E76DAB00A8A688 /* DescriptionCell.xib in Resources */ = {isa = PBXBuildFile; fileRef = FA1A9BF721E76DAB00A8A688 /* DescriptionCell.xib */; };
		FA1A9BFD21E7905700A8A688 /* EditingViewControllerDelegate.swift in Sources */ = {isa = PBXBuildFile; fileRef = FA1A9BFC21E7905700A8A688 /* EditingViewControllerDelegate.swift */; };
		FA2D978721C8EE5D00E7F385 /* ToDoeeTableViewCell.swift in Sources */ = {isa = PBXBuildFile; fileRef = FA2D978621C8EE5D00E7F385 /* ToDoeeTableViewCell.swift */; };
		FA370F5621E212E800939513 /* DetailedToDoeeViewController.swift in Sources */ = {isa = PBXBuildFile; fileRef = FA370F5521E212E800939513 /* DetailedToDoeeViewController.swift */; };
		FA370F5821E22A7300939513 /* DetailedCategoryViewController.swift in Sources */ = {isa = PBXBuildFile; fileRef = FA370F5721E22A7300939513 /* DetailedCategoryViewController.swift */; };
		FA3B113621E4E269007609B7 /* IconPickerViewController.swift in Sources */ = {isa = PBXBuildFile; fileRef = FA3B113521E4E269007609B7 /* IconPickerViewController.swift */; };
		FA3F427A21CBDF7700D18620 /* CategoriesViewController.swift in Sources */ = {isa = PBXBuildFile; fileRef = FA3F427921CBDF7700D18620 /* CategoriesViewController.swift */; };
		FA3F427C21CBE02600D18620 /* Category.swift in Sources */ = {isa = PBXBuildFile; fileRef = FA3F427B21CBE02600D18620 /* Category.swift */; };
		FA68737021D4CEDD00F77CBA /* DataModel.swift in Sources */ = {isa = PBXBuildFile; fileRef = FA68736F21D4CEDD00F77CBA /* DataModel.swift */; };
		FA7B146621E515FE008AB202 /* CategoryCell.swift in Sources */ = {isa = PBXBuildFile; fileRef = FA7B146421E515FE008AB202 /* CategoryCell.swift */; };
		FA7B146721E515FE008AB202 /* CategoryCell.xib in Resources */ = {isa = PBXBuildFile; fileRef = FA7B146521E515FE008AB202 /* CategoryCell.xib */; };
		FA7B146B21E5333C008AB202 /* IconPickerCell.swift in Sources */ = {isa = PBXBuildFile; fileRef = FA7B146921E5333C008AB202 /* IconPickerCell.swift */; };
		FA7B146C21E5333C008AB202 /* IconPickerCell.xib in Resources */ = {isa = PBXBuildFile; fileRef = FA7B146A21E5333C008AB202 /* IconPickerCell.xib */; };
		FAE1C6F321BC57D90068647B /* AppDelegate.swift in Sources */ = {isa = PBXBuildFile; fileRef = FAE1C6F221BC57D90068647B /* AppDelegate.swift */; };
		FAE1C6F521BC57D90068647B /* ToDoeeListViewController.swift in Sources */ = {isa = PBXBuildFile; fileRef = FAE1C6F421BC57D90068647B /* ToDoeeListViewController.swift */; };
		FAE1C6F821BC57D90068647B /* Main.storyboard in Resources */ = {isa = PBXBuildFile; fileRef = FAE1C6F621BC57D90068647B /* Main.storyboard */; };
		FAE1C6FA21BC57DA0068647B /* Assets.xcassets in Resources */ = {isa = PBXBuildFile; fileRef = FAE1C6F921BC57DA0068647B /* Assets.xcassets */; };
		FAE1C6FD21BC57DA0068647B /* LaunchScreen.storyboard in Resources */ = {isa = PBXBuildFile; fileRef = FAE1C6FB21BC57DA0068647B /* LaunchScreen.storyboard */; };
		FAE1C70521BC58990068647B /* ToDoee.swift in Sources */ = {isa = PBXBuildFile; fileRef = FAE1C70421BC58990068647B /* ToDoee.swift */; };
/* End PBXBuildFile section */

/* Begin PBXFileReference section */
		FA1A9BD621E71F2A00A8A688 /* ContainerViewController.swift */ = {isa = PBXFileReference; lastKnownFileType = sourcecode.swift; path = ContainerViewController.swift; sourceTree = "<group>"; };
		FA1A9BD921E71FF900A8A688 /* RootViewController.swift */ = {isa = PBXFileReference; lastKnownFileType = sourcecode.swift; path = RootViewController.swift; sourceTree = "<group>"; };
		FA1A9BDB21E7201300A8A688 /* MenuViewController.swift */ = {isa = PBXFileReference; lastKnownFileType = sourcecode.swift; path = MenuViewController.swift; sourceTree = "<group>"; };
		FA1A9BDE21E72E3E00A8A688 /* RootViewControllerDelegate.swift */ = {isa = PBXFileReference; lastKnownFileType = sourcecode.swift; path = RootViewControllerDelegate.swift; sourceTree = "<group>"; };
		FA1A9BE121E732AE00A8A688 /* MenuOptionCell.swift */ = {isa = PBXFileReference; lastKnownFileType = sourcecode.swift; path = MenuOptionCell.swift; sourceTree = "<group>"; };
		FA1A9BE421E745B000A8A688 /* MenuOptions.swift */ = {isa = PBXFileReference; lastKnownFileType = sourcecode.swift; path = MenuOptions.swift; sourceTree = "<group>"; };
		FA1A9BE621E7557800A8A688 /* MenuViewControllerDelegate.swift */ = {isa = PBXFileReference; lastKnownFileType = sourcecode.swift; path = MenuViewControllerDelegate.swift; sourceTree = "<group>"; };
		FA1A9BE821E7586200A8A688 /* ToDoeeCell.swift */ = {isa = PBXFileReference; lastKnownFileType = sourcecode.swift; path = ToDoeeCell.swift; sourceTree = "<group>"; };
		FA1A9BEA21E7661D00A8A688 /* EditingViewController.swift */ = {isa = PBXFileReference; lastKnownFileType = sourcecode.swift; path = EditingViewController.swift; sourceTree = "<group>"; };
		FA1A9BEC21E76D4A00A8A688 /* TitleCell.swift */ = {isa = PBXFileReference; lastKnownFileType = sourcecode.swift; path = TitleCell.swift; sourceTree = "<group>"; };
		FA1A9BF121E76D6F00A8A688 /* NotificationCell.swift */ = {isa = PBXFileReference; lastKnownFileType = sourcecode.swift; path = NotificationCell.swift; sourceTree = "<group>"; };
		FA1A9BF221E76D6F00A8A688 /* NotificationCell.xib */ = {isa = PBXFileReference; lastKnownFileType = file.xib; path = NotificationCell.xib; sourceTree = "<group>"; };
		FA1A9BF621E76DAB00A8A688 /* DescriptionCell.swift */ = {isa = PBXFileReference; lastKnownFileType = sourcecode.swift; path = DescriptionCell.swift; sourceTree = "<group>"; };
		FA1A9BF721E76DAB00A8A688 /* DescriptionCell.xib */ = {isa = PBXFileReference; lastKnownFileType = file.xib; path = DescriptionCell.xib; sourceTree = "<group>"; };
		FA1A9BFC21E7905700A8A688 /* EditingViewControllerDelegate.swift */ = {isa = PBXFileReference; lastKnownFileType = sourcecode.swift; path = EditingViewControllerDelegate.swift; sourceTree = "<group>"; };
		FA2D978621C8EE5D00E7F385 /* ToDoeeTableViewCell.swift */ = {isa = PBXFileReference; lastKnownFileType = sourcecode.swift; path = ToDoeeTableViewCell.swift; sourceTree = "<group>"; };
		FA370F5521E212E800939513 /* DetailedToDoeeViewController.swift */ = {isa = PBXFileReference; lastKnownFileType = sourcecode.swift; path = DetailedToDoeeViewController.swift; sourceTree = "<group>"; };
		FA370F5721E22A7300939513 /* DetailedCategoryViewController.swift */ = {isa = PBXFileReference; lastKnownFileType = sourcecode.swift; path = DetailedCategoryViewController.swift; sourceTree = "<group>"; };
		FA3B113521E4E269007609B7 /* IconPickerViewController.swift */ = {isa = PBXFileReference; lastKnownFileType = sourcecode.swift; path = IconPickerViewController.swift; sourceTree = "<group>"; };
		FA3F427921CBDF7700D18620 /* CategoriesViewController.swift */ = {isa = PBXFileReference; lastKnownFileType = sourcecode.swift; path = CategoriesViewController.swift; sourceTree = "<group>"; };
		FA3F427B21CBE02600D18620 /* Category.swift */ = {isa = PBXFileReference; lastKnownFileType = sourcecode.swift; path = Category.swift; sourceTree = "<group>"; };
		FA68736F21D4CEDD00F77CBA /* DataModel.swift */ = {isa = PBXFileReference; lastKnownFileType = sourcecode.swift; path = DataModel.swift; sourceTree = "<group>"; };
		FA7B146421E515FE008AB202 /* CategoryCell.swift */ = {isa = PBXFileReference; lastKnownFileType = sourcecode.swift; path = CategoryCell.swift; sourceTree = "<group>"; };
		FA7B146521E515FE008AB202 /* CategoryCell.xib */ = {isa = PBXFileReference; lastKnownFileType = file.xib; path = CategoryCell.xib; sourceTree = "<group>"; };
		FA7B146921E5333C008AB202 /* IconPickerCell.swift */ = {isa = PBXFileReference; lastKnownFileType = sourcecode.swift; path = IconPickerCell.swift; sourceTree = "<group>"; };
		FA7B146A21E5333C008AB202 /* IconPickerCell.xib */ = {isa = PBXFileReference; lastKnownFileType = file.xib; path = IconPickerCell.xib; sourceTree = "<group>"; };
		FAE1C6EF21BC57D90068647B /* toDoApp.app */ = {isa = PBXFileReference; explicitFileType = wrapper.application; includeInIndex = 0; path = toDoApp.app; sourceTree = BUILT_PRODUCTS_DIR; };
		FAE1C6F221BC57D90068647B /* AppDelegate.swift */ = {isa = PBXFileReference; lastKnownFileType = sourcecode.swift; path = AppDelegate.swift; sourceTree = "<group>"; };
		FAE1C6F421BC57D90068647B /* ToDoeeListViewController.swift */ = {isa = PBXFileReference; lastKnownFileType = sourcecode.swift; path = ToDoeeListViewController.swift; sourceTree = "<group>"; };
		FAE1C6F721BC57D90068647B /* Base */ = {isa = PBXFileReference; lastKnownFileType = file.storyboard; name = Base; path = Base.lproj/Main.storyboard; sourceTree = "<group>"; };
		FAE1C6F921BC57DA0068647B /* Assets.xcassets */ = {isa = PBXFileReference; lastKnownFileType = folder.assetcatalog; path = Assets.xcassets; sourceTree = "<group>"; };
		FAE1C6FC21BC57DA0068647B /* Base */ = {isa = PBXFileReference; lastKnownFileType = file.storyboard; name = Base; path = Base.lproj/LaunchScreen.storyboard; sourceTree = "<group>"; };
		FAE1C6FE21BC57DA0068647B /* Info.plist */ = {isa = PBXFileReference; lastKnownFileType = text.plist.xml; path = Info.plist; sourceTree = "<group>"; };
		FAE1C70421BC58990068647B /* ToDoee.swift */ = {isa = PBXFileReference; lastKnownFileType = sourcecode.swift; path = ToDoee.swift; sourceTree = "<group>"; };
/* End PBXFileReference section */

/* Begin PBXFrameworksBuildPhase section */
		FAE1C6EC21BC57D90068647B /* Frameworks */ = {
			isa = PBXFrameworksBuildPhase;
			buildActionMask = 2147483647;
			files = (
			);
			runOnlyForDeploymentPostprocessing = 0;
		};
/* End PBXFrameworksBuildPhase section */

/* Begin PBXGroup section */
		FA1A9BD821E71FC200A8A688 /* LastVersion */ = {
			isa = PBXGroup;
			children = (
				FA3F427921CBDF7700D18620 /* CategoriesViewController.swift */,
				FA370F5721E22A7300939513 /* DetailedCategoryViewController.swift */,
				FA3B113521E4E269007609B7 /* IconPickerViewController.swift */,
				FAE1C6F421BC57D90068647B /* ToDoeeListViewController.swift */,
				FA370F5521E212E800939513 /* DetailedToDoeeViewController.swift */,
			);
			path = LastVersion;
			sourceTree = "<group>";
		};
		FA1A9BDD21E720A200A8A688 /* Utils */ = {
			isa = PBXGroup;
			children = (
				FA1A9BDE21E72E3E00A8A688 /* RootViewControllerDelegate.swift */,
				FA1A9BE621E7557800A8A688 /* MenuViewControllerDelegate.swift */,
				FA1A9BFC21E7905700A8A688 /* EditingViewControllerDelegate.swift */,
			);
			path = Utils;
			sourceTree = "<group>";
		};
		FA1A9BE021E7328B00A8A688 /* LastVersion */ = {
			isa = PBXGroup;
			children = (
				FAE1C6F621BC57D90068647B /* Main.storyboard */,
				FAE1C6FB21BC57DA0068647B /* LaunchScreen.storyboard */,
				FA7B146821E51603008AB202 /* CategoryCell */,
				FA7B146D21E53342008AB202 /* IconViewCell */,
				FA2D978621C8EE5D00E7F385 /* ToDoeeTableViewCell.swift */,
			);
			path = LastVersion;
			sourceTree = "<group>";
		};
		FA1A9BE321E7459100A8A688 /* LastVersion */ = {
			isa = PBXGroup;
			children = (
				FA68736F21D4CEDD00F77CBA /* DataModel.swift */,
				FA3F427B21CBE02600D18620 /* Category.swift */,
				FAE1C70421BC58990068647B /* ToDoee.swift */,
			);
			path = LastVersion;
			sourceTree = "<group>";
		};
		FA1A9BF021E76D5300A8A688 /* TitleCell */ = {
			isa = PBXGroup;
			children = (
				FA1A9BEC21E76D4A00A8A688 /* TitleCell.swift */,
			);
			path = TitleCell;
			sourceTree = "<group>";
		};
		FA1A9BF521E76D7600A8A688 /* NotificationCell */ = {
			isa = PBXGroup;
			children = (
				FA1A9BF121E76D6F00A8A688 /* NotificationCell.swift */,
				FA1A9BF221E76D6F00A8A688 /* NotificationCell.xib */,
			);
			path = NotificationCell;
			sourceTree = "<group>";
		};
		FA1A9BFA21E76DB000A8A688 /* DescriptionCell */ = {
			isa = PBXGroup;
			children = (
				FA1A9BF621E76DAB00A8A688 /* DescriptionCell.swift */,
				FA1A9BF721E76DAB00A8A688 /* DescriptionCell.xib */,
			);
			path = DescriptionCell;
			sourceTree = "<group>";
		};
		FA3F427521CAD2DF00D18620 /* Model */ = {
			isa = PBXGroup;
			children = (
				FA1A9BE321E7459100A8A688 /* LastVersion */,
				FA1A9BE421E745B000A8A688 /* MenuOptions.swift */,
			);
			path = Model;
			sourceTree = "<group>";
		};
		FA3F427621CAD2E600D18620 /* View */ = {
			isa = PBXGroup;
			children = (
				FA1A9BE021E7328B00A8A688 /* LastVersion */,
				FA1A9BE121E732AE00A8A688 /* MenuOptionCell.swift */,
				FA1A9BE821E7586200A8A688 /* ToDoeeCell.swift */,
				FA1A9BF021E76D5300A8A688 /* TitleCell */,
				FA1A9BF521E76D7600A8A688 /* NotificationCell */,
				FA1A9BFA21E76DB000A8A688 /* DescriptionCell */,
			);
			path = View;
			sourceTree = "<group>";
		};
		FA3F427721CAD2F500D18620 /* Controller */ = {
			isa = PBXGroup;
			children = (
				FA1A9BD821E71FC200A8A688 /* LastVersion */,
				FA1A9BD621E71F2A00A8A688 /* ContainerViewController.swift */,
				FA1A9BD921E71FF900A8A688 /* RootViewController.swift */,
				FA1A9BEA21E7661D00A8A688 /* EditingViewController.swift */,
				FA1A9BDB21E7201300A8A688 /* MenuViewController.swift */,
			);
			path = Controller;
			sourceTree = "<group>";
		};
		FA7B146821E51603008AB202 /* CategoryCell */ = {
			isa = PBXGroup;
			children = (
				FA7B146421E515FE008AB202 /* CategoryCell.swift */,
				FA7B146521E515FE008AB202 /* CategoryCell.xib */,
			);
			path = CategoryCell;
			sourceTree = "<group>";
		};
		FA7B146D21E53342008AB202 /* IconViewCell */ = {
			isa = PBXGroup;
			children = (
				FA7B146921E5333C008AB202 /* IconPickerCell.swift */,
				FA7B146A21E5333C008AB202 /* IconPickerCell.xib */,
			);
			path = IconViewCell;
			sourceTree = "<group>";
		};
		FAE1C6E621BC57D90068647B = {
			isa = PBXGroup;
			children = (
				FAE1C6F121BC57D90068647B /* toDoApp */,
				FAE1C6F021BC57D90068647B /* Products */,
			);
			sourceTree = "<group>";
		};
		FAE1C6F021BC57D90068647B /* Products */ = {
			isa = PBXGroup;
			children = (
				FAE1C6EF21BC57D90068647B /* toDoApp.app */,
			);
			name = Products;
			sourceTree = "<group>";
		};
		FAE1C6F121BC57D90068647B /* toDoApp */ = {
			isa = PBXGroup;
			children = (
				FA1A9BDD21E720A200A8A688 /* Utils */,
				FA3F427521CAD2DF00D18620 /* Model */,
				FA3F427621CAD2E600D18620 /* View */,
				FA3F427721CAD2F500D18620 /* Controller */,
				FAE1C6F221BC57D90068647B /* AppDelegate.swift */,
				FAE1C6F921BC57DA0068647B /* Assets.xcassets */,
				FAE1C6FE21BC57DA0068647B /* Info.plist */,
			);
			path = toDoApp;
			sourceTree = "<group>";
		};
/* End PBXGroup section */

/* Begin PBXNativeTarget section */
		FAE1C6EE21BC57D90068647B /* toDoApp */ = {
			isa = PBXNativeTarget;
			buildConfigurationList = FAE1C70121BC57DA0068647B /* Build configuration list for PBXNativeTarget "toDoApp" */;
			buildPhases = (
				FAE1C6EB21BC57D90068647B /* Sources */,
				FAE1C6EC21BC57D90068647B /* Frameworks */,
				FAE1C6ED21BC57D90068647B /* Resources */,
			);
			buildRules = (
			);
			dependencies = (
			);
			name = toDoApp;
			productName = toDoApp;
			productReference = FAE1C6EF21BC57D90068647B /* toDoApp.app */;
			productType = "com.apple.product-type.application";
		};
/* End PBXNativeTarget section */

/* Begin PBXProject section */
		FAE1C6E721BC57D90068647B /* Project object */ = {
			isa = PBXProject;
			attributes = {
				LastSwiftUpdateCheck = 1010;
				LastUpgradeCheck = 1010;
				ORGANIZATIONNAME = "MacBook-Игорь";
				TargetAttributes = {
					FAE1C6EE21BC57D90068647B = {
						CreatedOnToolsVersion = 10.1;
					};
				};
			};
			buildConfigurationList = FAE1C6EA21BC57D90068647B /* Build configuration list for PBXProject "toDoApp" */;
			compatibilityVersion = "Xcode 9.3";
			developmentRegion = en;
			hasScannedForEncodings = 0;
			knownRegions = (
				en,
				Base,
			);
			mainGroup = FAE1C6E621BC57D90068647B;
			productRefGroup = FAE1C6F021BC57D90068647B /* Products */;
			projectDirPath = "";
			projectRoot = "";
			targets = (
				FAE1C6EE21BC57D90068647B /* toDoApp */,
			);
		};
/* End PBXProject section */

/* Begin PBXResourcesBuildPhase section */
		FAE1C6ED21BC57D90068647B /* Resources */ = {
			isa = PBXResourcesBuildPhase;
			buildActionMask = 2147483647;
			files = (
				FA1A9BF921E76DAB00A8A688 /* DescriptionCell.xib in Resources */,
				FA7B146721E515FE008AB202 /* CategoryCell.xib in Resources */,
				FAE1C6FD21BC57DA0068647B /* LaunchScreen.storyboard in Resources */,
				FAE1C6FA21BC57DA0068647B /* Assets.xcassets in Resources */,
				FA1A9BF421E76D6F00A8A688 /* NotificationCell.xib in Resources */,
				FA7B146C21E5333C008AB202 /* IconPickerCell.xib in Resources */,
				FAE1C6F821BC57D90068647B /* Main.storyboard in Resources */,
			);
			runOnlyForDeploymentPostprocessing = 0;
		};
/* End PBXResourcesBuildPhase section */

/* Begin PBXSourcesBuildPhase section */
		FAE1C6EB21BC57D90068647B /* Sources */ = {
			isa = PBXSourcesBuildPhase;
			buildActionMask = 2147483647;
			files = (
				FAE1C6F521BC57D90068647B /* ToDoeeListViewController.swift in Sources */,
				FA1A9BDC21E7201300A8A688 /* MenuViewController.swift in Sources */,
				FA1A9BF321E76D6F00A8A688 /* NotificationCell.swift in Sources */,
				FA1A9BDF21E72E3E00A8A688 /* RootViewControllerDelegate.swift in Sources */,
				FA1A9BFD21E7905700A8A688 /* EditingViewControllerDelegate.swift in Sources */,
				FA1A9BE921E7586200A8A688 /* ToDoeeCell.swift in Sources */,
				FAE1C70521BC58990068647B /* ToDoee.swift in Sources */,
				FA1A9BD721E71F2A00A8A688 /* ContainerViewController.swift in Sources */,
				FA68737021D4CEDD00F77CBA /* DataModel.swift in Sources */,
				FA2D978721C8EE5D00E7F385 /* ToDoeeTableViewCell.swift in Sources */,
				FAE1C6F321BC57D90068647B /* AppDelegate.swift in Sources */,
				FA1A9BE221E732AE00A8A688 /* MenuOptionCell.swift in Sources */,
				FA1A9BEB21E7661D00A8A688 /* EditingViewController.swift in Sources */,
				FA370F5821E22A7300939513 /* DetailedCategoryViewController.swift in Sources */,
				FA1A9BEE21E76D4A00A8A688 /* TitleCell.swift in Sources */,
				FA3F427C21CBE02600D18620 /* Category.swift in Sources */,
				FA3F427A21CBDF7700D18620 /* CategoriesViewController.swift in Sources */,
				FA3B113621E4E269007609B7 /* IconPickerViewController.swift in Sources */,
				FA1A9BDA21E71FF900A8A688 /* RootViewController.swift in Sources */,
				FA1A9BE721E7557800A8A688 /* MenuViewControllerDelegate.swift in Sources */,
				FA370F5621E212E800939513 /* DetailedToDoeeViewController.swift in Sources */,
				FA1A9BF821E76DAB00A8A688 /* DescriptionCell.swift in Sources */,
				FA7B146B21E5333C008AB202 /* IconPickerCell.swift in Sources */,
				FA7B146621E515FE008AB202 /* CategoryCell.swift in Sources */,
				FA1A9BE521E745B000A8A688 /* MenuOptions.swift in Sources */,
			);
			runOnlyForDeploymentPostprocessing = 0;
		};
/* End PBXSourcesBuildPhase section */

/* Begin PBXVariantGroup section */
		FAE1C6F621BC57D90068647B /* Main.storyboard */ = {
			isa = PBXVariantGroup;
			children = (
				FAE1C6F721BC57D90068647B /* Base */,
			);
			name = Main.storyboard;
			sourceTree = "<group>";
		};
		FAE1C6FB21BC57DA0068647B /* LaunchScreen.storyboard */ = {
			isa = PBXVariantGroup;
			children = (
				FAE1C6FC21BC57DA0068647B /* Base */,
			);
			name = LaunchScreen.storyboard;
			sourceTree = "<group>";
		};
/* End PBXVariantGroup section */

/* Begin XCBuildConfiguration section */
		FAE1C6FF21BC57DA0068647B /* Debug */ = {
			isa = XCBuildConfiguration;
			buildSettings = {
				ALWAYS_SEARCH_USER_PATHS = NO;
				CLANG_ANALYZER_NONNULL = YES;
				CLANG_ANALYZER_NUMBER_OBJECT_CONVERSION = YES_AGGRESSIVE;
				CLANG_CXX_LANGUAGE_STANDARD = "gnu++14";
				CLANG_CXX_LIBRARY = "libc++";
				CLANG_ENABLE_MODULES = YES;
				CLANG_ENABLE_OBJC_ARC = YES;
				CLANG_ENABLE_OBJC_WEAK = YES;
				CLANG_WARN_BLOCK_CAPTURE_AUTORELEASING = YES;
				CLANG_WARN_BOOL_CONVERSION = YES;
				CLANG_WARN_COMMA = YES;
				CLANG_WARN_CONSTANT_CONVERSION = YES;
				CLANG_WARN_DEPRECATED_OBJC_IMPLEMENTATIONS = YES;
				CLANG_WARN_DIRECT_OBJC_ISA_USAGE = YES_ERROR;
				CLANG_WARN_DOCUMENTATION_COMMENTS = YES;
				CLANG_WARN_EMPTY_BODY = YES;
				CLANG_WARN_ENUM_CONVERSION = YES;
				CLANG_WARN_INFINITE_RECURSION = YES;
				CLANG_WARN_INT_CONVERSION = YES;
				CLANG_WARN_NON_LITERAL_NULL_CONVERSION = YES;
				CLANG_WARN_OBJC_IMPLICIT_RETAIN_SELF = YES;
				CLANG_WARN_OBJC_LITERAL_CONVERSION = YES;
				CLANG_WARN_OBJC_ROOT_CLASS = YES_ERROR;
				CLANG_WARN_RANGE_LOOP_ANALYSIS = YES;
				CLANG_WARN_STRICT_PROTOTYPES = YES;
				CLANG_WARN_SUSPICIOUS_MOVE = YES;
				CLANG_WARN_UNGUARDED_AVAILABILITY = YES_AGGRESSIVE;
				CLANG_WARN_UNREACHABLE_CODE = YES;
				CLANG_WARN__DUPLICATE_METHOD_MATCH = YES;
				CODE_SIGN_IDENTITY = "iPhone Developer";
				COPY_PHASE_STRIP = NO;
				DEBUG_INFORMATION_FORMAT = dwarf;
				ENABLE_STRICT_OBJC_MSGSEND = YES;
				ENABLE_TESTABILITY = YES;
				GCC_C_LANGUAGE_STANDARD = gnu11;
				GCC_DYNAMIC_NO_PIC = NO;
				GCC_NO_COMMON_BLOCKS = YES;
				GCC_OPTIMIZATION_LEVEL = 0;
				GCC_PREPROCESSOR_DEFINITIONS = (
					"DEBUG=1",
					"$(inherited)",
				);
				GCC_WARN_64_TO_32_BIT_CONVERSION = YES;
				GCC_WARN_ABOUT_RETURN_TYPE = YES_ERROR;
				GCC_WARN_UNDECLARED_SELECTOR = YES;
				GCC_WARN_UNINITIALIZED_AUTOS = YES_AGGRESSIVE;
				GCC_WARN_UNUSED_FUNCTION = YES;
				GCC_WARN_UNUSED_VARIABLE = YES;
				IPHONEOS_DEPLOYMENT_TARGET = 12.1;
				MTL_ENABLE_DEBUG_INFO = INCLUDE_SOURCE;
				MTL_FAST_MATH = YES;
				ONLY_ACTIVE_ARCH = YES;
				SDKROOT = iphoneos;
				SWIFT_ACTIVE_COMPILATION_CONDITIONS = DEBUG;
				SWIFT_OPTIMIZATION_LEVEL = "-Onone";
			};
			name = Debug;
		};
		FAE1C70021BC57DA0068647B /* Release */ = {
			isa = XCBuildConfiguration;
			buildSettings = {
				ALWAYS_SEARCH_USER_PATHS = NO;
				CLANG_ANALYZER_NONNULL = YES;
				CLANG_ANALYZER_NUMBER_OBJECT_CONVERSION = YES_AGGRESSIVE;
				CLANG_CXX_LANGUAGE_STANDARD = "gnu++14";
				CLANG_CXX_LIBRARY = "libc++";
				CLANG_ENABLE_MODULES = YES;
				CLANG_ENABLE_OBJC_ARC = YES;
				CLANG_ENABLE_OBJC_WEAK = YES;
				CLANG_WARN_BLOCK_CAPTURE_AUTORELEASING = YES;
				CLANG_WARN_BOOL_CONVERSION = YES;
				CLANG_WARN_COMMA = YES;
				CLANG_WARN_CONSTANT_CONVERSION = YES;
				CLANG_WARN_DEPRECATED_OBJC_IMPLEMENTATIONS = YES;
				CLANG_WARN_DIRECT_OBJC_ISA_USAGE = YES_ERROR;
				CLANG_WARN_DOCUMENTATION_COMMENTS = YES;
				CLANG_WARN_EMPTY_BODY = YES;
				CLANG_WARN_ENUM_CONVERSION = YES;
				CLANG_WARN_INFINITE_RECURSION = YES;
				CLANG_WARN_INT_CONVERSION = YES;
				CLANG_WARN_NON_LITERAL_NULL_CONVERSION = YES;
				CLANG_WARN_OBJC_IMPLICIT_RETAIN_SELF = YES;
				CLANG_WARN_OBJC_LITERAL_CONVERSION = YES;
				CLANG_WARN_OBJC_ROOT_CLASS = YES_ERROR;
				CLANG_WARN_RANGE_LOOP_ANALYSIS = YES;
				CLANG_WARN_STRICT_PROTOTYPES = YES;
				CLANG_WARN_SUSPICIOUS_MOVE = YES;
				CLANG_WARN_UNGUARDED_AVAILABILITY = YES_AGGRESSIVE;
				CLANG_WARN_UNREACHABLE_CODE = YES;
				CLANG_WARN__DUPLICATE_METHOD_MATCH = YES;
				CODE_SIGN_IDENTITY = "iPhone Developer";
				COPY_PHASE_STRIP = NO;
				DEBUG_INFORMATION_FORMAT = "dwarf-with-dsym";
				ENABLE_NS_ASSERTIONS = NO;
				ENABLE_STRICT_OBJC_MSGSEND = YES;
				GCC_C_LANGUAGE_STANDARD = gnu11;
				GCC_NO_COMMON_BLOCKS = YES;
				GCC_WARN_64_TO_32_BIT_CONVERSION = YES;
				GCC_WARN_ABOUT_RETURN_TYPE = YES_ERROR;
				GCC_WARN_UNDECLARED_SELECTOR = YES;
				GCC_WARN_UNINITIALIZED_AUTOS = YES_AGGRESSIVE;
				GCC_WARN_UNUSED_FUNCTION = YES;
				GCC_WARN_UNUSED_VARIABLE = YES;
				IPHONEOS_DEPLOYMENT_TARGET = 12.1;
				MTL_ENABLE_DEBUG_INFO = NO;
				MTL_FAST_MATH = YES;
				SDKROOT = iphoneos;
				SWIFT_COMPILATION_MODE = wholemodule;
				SWIFT_OPTIMIZATION_LEVEL = "-O";
				VALIDATE_PRODUCT = YES;
			};
			name = Release;
		};
		FAE1C70221BC57DA0068647B /* Debug */ = {
			isa = XCBuildConfiguration;
			buildSettings = {
				ASSETCATALOG_COMPILER_APPICON_NAME = AppIcon;
				CODE_SIGN_STYLE = Automatic;
				DEVELOPMENT_TEAM = MG5S74VW4Q;
				INFOPLIST_FILE = toDoApp/Info.plist;
				IPHONEOS_DEPLOYMENT_TARGET = 10.0;
				LD_RUNPATH_SEARCH_PATHS = (
					"$(inherited)",
					"@executable_path/Frameworks",
				);
				PRODUCT_BUNDLE_IDENTIFIER = "Igor-Tumanov.toDoApp";
				PRODUCT_NAME = "$(TARGET_NAME)";
				SWIFT_VERSION = 4.2;
				TARGETED_DEVICE_FAMILY = 1;
			};
			name = Debug;
		};
		FAE1C70321BC57DA0068647B /* Release */ = {
			isa = XCBuildConfiguration;
			buildSettings = {
				ASSETCATALOG_COMPILER_APPICON_NAME = AppIcon;
				CODE_SIGN_STYLE = Automatic;
				DEVELOPMENT_TEAM = MG5S74VW4Q;
				INFOPLIST_FILE = toDoApp/Info.plist;
				IPHONEOS_DEPLOYMENT_TARGET = 10.0;
				LD_RUNPATH_SEARCH_PATHS = (
					"$(inherited)",
					"@executable_path/Frameworks",
				);
				PRODUCT_BUNDLE_IDENTIFIER = "Igor-Tumanov.toDoApp";
				PRODUCT_NAME = "$(TARGET_NAME)";
				SWIFT_VERSION = 4.2;
				TARGETED_DEVICE_FAMILY = 1;
			};
			name = Release;
		};
/* End XCBuildConfiguration section */

/* Begin XCConfigurationList section */
		FAE1C6EA21BC57D90068647B /* Build configuration list for PBXProject "toDoApp" */ = {
			isa = XCConfigurationList;
			buildConfigurations = (
				FAE1C6FF21BC57DA0068647B /* Debug */,
				FAE1C70021BC57DA0068647B /* Release */,
			);
			defaultConfigurationIsVisible = 0;
			defaultConfigurationName = Release;
		};
		FAE1C70121BC57DA0068647B /* Build configuration list for PBXNativeTarget "toDoApp" */ = {
			isa = XCConfigurationList;
			buildConfigurations = (
				FAE1C70221BC57DA0068647B /* Debug */,
				FAE1C70321BC57DA0068647B /* Release */,
			);
			defaultConfigurationIsVisible = 0;
			defaultConfigurationName = Release;
		};
/* End XCConfigurationList section */
	};
	rootObject = FAE1C6E721BC57D90068647B /* Project object */;
}
